
Microsoft Visual Studio Solution File, Format Version 12.00
# Visual Studio Version 17
VisualStudioVersion = 17.6.33829.357
MinimumVisualStudioVersion = 10.0.40219.1
Project("{FAE04EC0-301F-11D3-BF4B-00C04F79EFBC}") = "schappp", "schappp.csproj", "{2DC3E3F8-A346-4B5A-9FB4-62858D43B562}"
EndProject
Global
	GlobalSection(SolutionConfigurationPlatforms) = preSolution
		Debug|Any CPU = Debug|Any CPU
		Release|Any CPU = Release|Any CPU
	EndGlobalSection
	GlobalSection(ProjectConfigurationPlatforms) = postSolution
		{2DC3E3F8-A346-4B5A-9FB4-62858D43B562}.Debug|Any CPU.ActiveCfg = Debug|Any CPU
		{2DC3E3F8-A346-4B5A-9FB4-62858D43B562}.Debug|Any CPU.Build.0 = Debug|Any CPU
		{2DC3E3F8-A346-4B5A-9FB4-62858D43B562}.Release|Any CPU.ActiveCfg = Release|Any CPU
		{2DC3E3F8-A346-4B5A-9FB4-62858D43B562}.Release|Any CPU.Build.0 = Release|Any CPU
	EndGlobalSection
	GlobalSection(SolutionProperties) = preSolution
		HideSolutionNode = FALSE
	EndGlobalSection
	GlobalSection(ExtensibilityGlobals) = postSolution
		SolutionGuid = {440B1A68-B631-4B8E-9BD2-CE8AC7F17364}
	EndGlobalSection
EndGlobal
